
Microsoft Visual Studio Solution File, Format Version 12.00
# Visual Studio Version 16
VisualStudioVersion = 16.0.29806.167
MinimumVisualStudioVersion = 10.0.40219.1
Project("{FAE04EC0-301F-11D3-BF4B-00C04F79EFBC}") = "open3mod", "open3mod\open3mod.csproj", "{8E5A024D-A941-4A4E-B2F9-A97D7CBCE0E9}"
EndProject
Project("{FAE04EC0-301F-11D3-BF4B-00C04F79EFBC}") = "DevILNet", "libs\devil-net\DevILNet\DevILNet.csproj", "{578FD0D9-41AA-4FA4-8D9B-4021978FA48D}"
EndProject
Project("{6141683F-8A12-4E36-9623-2EB02B2C2303}") = "Setup", "setup\Setup.isproj", "{8C0EC66F-2A43-4471-B3DE-07767112CA63}"
EndProject
Project("{FAE04EC0-301F-11D3-BF4B-00C04F79EFBC}") = "KDTree", "libs\kd-sharp\KDTree\KDTree.csproj", "{33A00A90-C02E-474B-A8C0-3B0559873EA0}"
EndProject
Project("{FAE04EC0-301F-11D3-BF4B-00C04F79EFBC}") = "SmartThreadPool", "libs\SmartThreadPool\SmartThreadPool\SmartThreadPool.csproj", "{74D4C33F-7CC8-4B2A-A7DF-D8B6E63B6EBD}"
EndProject
Project("{2150E333-8FDC-42A3-9474-1A3956D46DE8}") = "Solution Items", "Solution Items", "{3E6EE7D7-1088-4EE0-AC53-0DF3E8266FB4}"
	ProjectSection(SolutionItems) = preProject
		NuGet.config = NuGet.config
	EndProjectSection
EndProject
Global
	GlobalSection(SolutionConfigurationPlatforms) = preSolution
		Debug|Any CPU = Debug|Any CPU
		Debug|x64 = Debug|x64
		Publish|Any CPU = Publish|Any CPU
		Publish|x64 = Publish|x64
		Release|Any CPU = Release|Any CPU
		Release|x64 = Release|x64
	EndGlobalSection
	GlobalSection(ProjectConfigurationPlatforms) = postSolution
		{8E5A024D-A941-4A4E-B2F9-A97D7CBCE0E9}.Debug|Any CPU.ActiveCfg = Debug|x86
		{8E5A024D-A941-4A4E-B2F9-A97D7CBCE0E9}.Debug|Any CPU.Build.0 = Debug|x86
		{8E5A024D-A941-4A4E-B2F9-A97D7CBCE0E9}.Debug|x64.ActiveCfg = Debug|x64
		{8E5A024D-A941-4A4E-B2F9-A97D7CBCE0E9}.Debug|x64.Build.0 = Debug|x64
		{8E5A024D-A941-4A4E-B2F9-A97D7CBCE0E9}.Publish|Any CPU.ActiveCfg = Release|x86
		{8E5A024D-A941-4A4E-B2F9-A97D7CBCE0E9}.Publish|Any CPU.Build.0 = Release|x86
		{8E5A024D-A941-4A4E-B2F9-A97D7CBCE0E9}.Publish|x64.ActiveCfg = Release|x64
		{8E5A024D-A941-4A4E-B2F9-A97D7CBCE0E9}.Publish|x64.Build.0 = Release|x64
		{8E5A024D-A941-4A4E-B2F9-A97D7CBCE0E9}.Release|Any CPU.ActiveCfg = Release|x86
		{8E5A024D-A941-4A4E-B2F9-A97D7CBCE0E9}.Release|Any CPU.Build.0 = Release|x86
		{8E5A024D-A941-4A4E-B2F9-A97D7CBCE0E9}.Release|x64.ActiveCfg = Release|x64
		{8E5A024D-A941-4A4E-B2F9-A97D7CBCE0E9}.Release|x64.Build.0 = Release|x64
		{578FD0D9-41AA-4FA4-8D9B-4021978FA48D}.Debug|Any CPU.ActiveCfg = Debug|x86
		{578FD0D9-41AA-4FA4-8D9B-4021978FA48D}.Debug|Any CPU.Build.0 = Debug|x86
		{578FD0D9-41AA-4FA4-8D9B-4021978FA48D}.Debug|x64.ActiveCfg = Debug|x64
		{578FD0D9-41AA-4FA4-8D9B-4021978FA48D}.Debug|x64.Build.0 = Debug|x64
		{578FD0D9-41AA-4FA4-8D9B-4021978FA48D}.Publish|Any CPU.ActiveCfg = Release|x86
		{578FD0D9-41AA-4FA4-8D9B-4021978FA48D}.Publish|Any CPU.Build.0 = Release|x86
		{578FD0D9-41AA-4FA4-8D9B-4021978FA48D}.Publish|x64.ActiveCfg = Release|x64
		{578FD0D9-41AA-4FA4-8D9B-4021978FA48D}.Publish|x64.Build.0 = Release|x64
		{578FD0D9-41AA-4FA4-8D9B-4021978FA48D}.Release|Any CPU.ActiveCfg = Release|x86
		{578FD0D9-41AA-4FA4-8D9B-4021978FA48D}.Release|Any CPU.Build.0 = Release|x86
		{578FD0D9-41AA-4FA4-8D9B-4021978FA48D}.Release|x64.ActiveCfg = Release|x64
		{578FD0D9-41AA-4FA4-8D9B-4021978FA48D}.Release|x64.Build.0 = Release|x64
		{8C0EC66F-2A43-4471-B3DE-07767112CA63}.Debug|Any CPU.ActiveCfg = DVD-5
		{8C0EC66F-2A43-4471-B3DE-07767112CA63}.Debug|Any CPU.Build.0 = DVD-5
		{8C0EC66F-2A43-4471-B3DE-07767112CA63}.Debug|x64.ActiveCfg = DVD-5
		{8C0EC66F-2A43-4471-B3DE-07767112CA63}.Debug|x64.Build.0 = DVD-5
		{8C0EC66F-2A43-4471-B3DE-07767112CA63}.Publish|Any CPU.ActiveCfg = SingleImage
		{8C0EC66F-2A43-4471-B3DE-07767112CA63}.Publish|Any CPU.Build.0 = SingleImage
		{8C0EC66F-2A43-4471-B3DE-07767112CA63}.Publish|x64.ActiveCfg = SingleImage
		{8C0EC66F-2A43-4471-B3DE-07767112CA63}.Publish|x64.Build.0 = SingleImage
		{8C0EC66F-2A43-4471-B3DE-07767112CA63}.Release|Any CPU.ActiveCfg = SingleImage
		{8C0EC66F-2A43-4471-B3DE-07767112CA63}.Release|Any CPU.Build.0 = SingleImage
		{8C0EC66F-2A43-4471-B3DE-07767112CA63}.Release|x64.ActiveCfg = SingleImage
		{8C0EC66F-2A43-4471-B3DE-07767112CA63}.Release|x64.Build.0 = SingleImage
		{33A00A90-C02E-474B-A8C0-3B0559873EA0}.Debug|Any CPU.ActiveCfg = Debug|Any CPU
		{33A00A90-C02E-474B-A8C0-3B0559873EA0}.Debug|Any CPU.Build.0 = Debug|Any CPU
		{33A00A90-C02E-474B-A8C0-3B0559873EA0}.Debug|x64.ActiveCfg = Debug|Any CPU
		{33A00A90-C02E-474B-A8C0-3B0559873EA0}.Debug|x64.Build.0 = Debug|Any CPU
		{33A00A90-C02E-474B-A8C0-3B0559873EA0}.Publish|Any CPU.ActiveCfg = Release|Any CPU
		{33A00A90-C02E-474B-A8C0-3B0559873EA0}.Publish|Any CPU.Build.0 = Release|Any CPU
		{33A00A90-C02E-474B-A8C0-3B0559873EA0}.Publish|x64.ActiveCfg = Release|Any CPU
		{33A00A90-C02E-474B-A8C0-3B0559873EA0}.Publish|x64.Build.0 = Release|Any CPU
		{33A00A90-C02E-474B-A8C0-3B0559873EA0}.Release|Any CPU.ActiveCfg = Release|Any CPU
		{33A00A90-C02E-474B-A8C0-3B0559873EA0}.Release|Any CPU.Build.0 = Release|Any CPU
		{33A00A90-C02E-474B-A8C0-3B0559873EA0}.Release|x64.ActiveCfg = Release|Any CPU
		{33A00A90-C02E-474B-A8C0-3B0559873EA0}.Release|x64.Build.0 = Release|Any CPU
		{74D4C33F-7CC8-4B2A-A7DF-D8B6E63B6EBD}.Debug|Any CPU.ActiveCfg = Debug|Any CPU
		{74D4C33F-7CC8-4B2A-A7DF-D8B6E63B6EBD}.Debug|Any CPU.Build.0 = Debug|Any CPU
		{74D4C33F-7CC8-4B2A-A7DF-D8B6E63B6EBD}.Debug|x64.ActiveCfg = Debug|Any CPU
		{74D4C33F-7CC8-4B2A-A7DF-D8B6E63B6EBD}.Debug|x64.Build.0 = Debug|Any CPU
		{74D4C33F-7CC8-4B2A-A7DF-D8B6E63B6EBD}.Publish|Any CPU.ActiveCfg = Publish|Any CPU
		{74D4C33F-7CC8-4B2A-A7DF-D8B6E63B6EBD}.Publish|Any CPU.Build.0 = Publish|Any CPU
		{74D4C33F-7CC8-4B2A-A7DF-D8B6E63B6EBD}.Publish|x64.ActiveCfg = Publish|Any CPU
		{74D4C33F-7CC8-4B2A-A7DF-D8B6E63B6EBD}.Release|Any CPU.ActiveCfg = Release|Any CPU
		{74D4C33F-7CC8-4B2A-A7DF-D8B6E63B6EBD}.Release|Any CPU.Build.0 = Release|Any CPU
		{74D4C33F-7CC8-4B2A-A7DF-D8B6E63B6EBD}.Release|x64.ActiveCfg = Release|Any CPU
		{74D4C33F-7CC8-4B2A-A7DF-D8B6E63B6EBD}.Release|x64.Build.0 = Release|Any CPU
	EndGlobalSection
	GlobalSection(SolutionProperties) = preSolution
		HideSolutionNode = FALSE
	EndGlobalSection
	GlobalSection(ExtensibilityGlobals) = postSolution
		SolutionGuid = {33C93C1E-868B-40EB-9076-EDB1E794DCA8}
	EndGlobalSection
EndGlobal
